
Microsoft Visual Studio Solution File, Format Version 12.00
# Visual Studio Version 17
VisualStudioVersion = 17.5.002.0
MinimumVisualStudioVersion = 10.0.40219.1
Project("{9A19103F-16F7-4668-BE54-9A1E7A4F7556}") = "PC2MKTS", "PC2MKTS.csproj", "{98D260BA-1B5F-4894-9894-F85F44D4BCAB}"
EndProject
Global
	GlobalSection(SolutionConfigurationPlatforms) = preSolution
		Debug|Any CPU = Debug|Any CPU
		Release|Any CPU = Release|Any CPU
	EndGlobalSection
	GlobalSection(ProjectConfigurationPlatforms) = postSolution
		{98D260BA-1B5F-4894-9894-F85F44D4BCAB}.Debug|Any CPU.ActiveCfg = Debug|Any CPU
		{98D260BA-1B5F-4894-9894-F85F44D4BCAB}.Debug|Any CPU.Build.0 = Debug|Any CPU
		{98D260BA-1B5F-4894-9894-F85F44D4BCAB}.Release|Any CPU.ActiveCfg = Release|Any CPU
		{98D260BA-1B5F-4894-9894-F85F44D4BCAB}.Release|Any CPU.Build.0 = Release|Any CPU
	EndGlobalSection
	GlobalSection(SolutionProperties) = preSolution
		HideSolutionNode = FALSE
	EndGlobalSection
	GlobalSection(ExtensibilityGlobals) = postSolution
		SolutionGuid = {30E33D96-CFF6-4A47-9D4C-55AA641105DA}
	EndGlobalSection
EndGlobal
